{
  "object": {
    "pins": [
      {
        "package": "DangerSwiftCoverage",
        "repositoryURL": "https://github.com/f-meloni/danger-swift-coverage",
        "state": {
          "branch": null,
          "revision": "8dfd82339c14cb2eef55284e65c7afe14104d20d",
          "version": "1.0.1"
        }
      },
      {
        "package": "Files",
        "repositoryURL": "https://github.com/JohnSundell/Files.git",
        "state": {
          "branch": null,
          "revision": "a84615f4558151fab52ac38df697ce2442991f93",
          "version": "2.3.0"
        }
      },
      {
        "package": "Logger",
        "repositoryURL": "https://github.com/shibapm/Logger",
        "state": {
          "branch": null,
          "revision": "53c3ecca5abe8cf46697e33901ee774236d94cce",
          "version": "0.2.3"
        }
      },
      {
        "package": "Marathon",
        "repositoryURL": "https://github.com/JohnSundell/Marathon",
        "state": {
          "branch": null,
          "revision": "35b672e05ac411fb104e462fbfd6541f995abc17",
          "version": "3.3.0"
        }
      },
      {
        "package": "OctoKit",
        "repositoryURL": "https://github.com/nerdishbynature/octokit.swift",
        "state": {
          "branch": null,
          "revision": "9ad4d6eff94ad1d9873d3b410a47c663c820d4bd",
          "version": "0.10.0"
        }
      },
      {
        "package": "PackageConfig",
        "repositoryURL": "https://github.com/shibapm/PackageConfig.git",
        "state": {
          "branch": null,
          "revision": "fd0829aac9851434b3d2db0890e27bc489fc973a",
          "version": "0.12.2"
        }
      },
      {
        "package": "Releases",
        "repositoryURL": "https://github.com/JohnSundell/Releases.git",
        "state": {
          "branch": null,
          "revision": "ea62f33a429185b0ed21344c2355862c5bc4fcce",
          "version": "4.0.0"
        }
      },
      {
        "package": "RequestKit",
        "repositoryURL": "https://github.com/nerdishbynature/RequestKit.git",
        "state": {
          "branch": null,
          "revision": "fd5e9e99aada7432170366c9e95967011ce13bad",
          "version": "2.4.0"
        }
      },
      {
        "package": "Require",
        "repositoryURL": "https://github.com/JohnSundell/Require.git",
        "state": {
          "branch": null,
          "revision": "7cfbd0d8a2dede0e01f6f0d8ab2c7acef1df112e",
          "version": "2.0.1"
        }
      },
      {
        "package": "Rocket",
        "repositoryURL": "https://github.com/f-meloni/Rocket",
        "state": {
          "branch": null,
          "revision": "623cb4ccf55d708d082516ccd5cfea3dac8f9032",
          "version": "1.0.0"
        }
      },
      {
        "package": "ShellOut",
        "repositoryURL": "https://github.com/JohnSundell/ShellOut.git",
        "state": {
          "branch": null,
          "revision": "4ebf25863deb9c3c02696704fc3d39736183f258",
          "version": "2.2.1"
        }
      },
      {
        "package": "danger-swift",
        "repositoryURL": "https://github.com/danger/swift",
        "state": {
          "branch": null,
          "revision": "74b552511bee69051ec23347177d1e5ab6e2510a",
          "version": "2.0.7"
        }
      },
      {
        "package": "SwiftShell",
        "repositoryURL": "https://github.com/kareman/SwiftShell",
        "state": {
          "branch": null,
          "revision": "fb7fc2c9ad8811caf324431a508fb79e3fb74f99",
          "version": "5.0.1"
        }
      },
      {
        "package": "Yams",
        "repositoryURL": "https://github.com/jpsim/Yams",
        "state": {
          "branch": null,
          "revision": "c947a306d2e80ecb2c0859047b35c73b8e1ca27f",
          "version": "2.0.0"
        }
      }
    ]
  },
  "version": 1
}
